PODS:
  - Alamofire (5.2.2)
  - Firebase/Auth (7.7.0):
    - Firebase/CoreOnly
    - FirebaseAuth (~> 7.7.0)
  - Firebase/Core (7.7.0):
    - Firebase/CoreOnly
    - FirebaseAnalytics (= 7.7.0)
  - Firebase/CoreOnly (7.7.0):
    - FirebaseCore (= 7.7.0)
  - FirebaseAnalytics (7.7.0):
    - FirebaseCore (~> 7.0)
    - FirebaseInstallations (~> 7.0)
    - GoogleAppMeasurement (= 7.7.0)
    - GoogleUtilities/AppDelegateSwizzler (~> 7.0)
    - GoogleUtilities/MethodSwizzler (~> 7.0)
    - GoogleUtilities/Network (~> 7.0)
    - "GoogleUtilities/NSData+zlib (~> 7.0)"
    - nanopb (~> 2.30907.0)
  - FirebaseAuth (7.7.0):
    - FirebaseCore (~> 7.0)
    - GoogleUtilities/AppDelegateSwizzler (~> 7.0)
    - GoogleUtilities/Environment (~> 7.0)
    - GTMSessionFetcher/Core (~> 1.4)
  - FirebaseCore (7.7.0):
    - FirebaseCoreDiagnostics (~> 7.4)
    - GoogleUtilities/Environment (~> 7.0)
    - GoogleUtilities/Logger (~> 7.0)
  - FirebaseCoreDiagnostics (7.7.0):
    - GoogleDataTransport (~> 8.0)
    - GoogleUtilities/Environment (~> 7.0)
    - GoogleUtilities/Logger (~> 7.0)
    - nanopb (~> 2.30907.0)
  - FirebaseInstallations (7.7.0):
    - FirebaseCore (~> 7.0)
    - GoogleUtilities/Environment (~> 7.0)
    - GoogleUtilities/UserDefaults (~> 7.0)
    - PromisesObjC (~> 1.2)
  - FSCalendar (2.8.1)
  - GoogleAppMeasurement (7.7.0):
    - GoogleUtilities/AppDelegateSwizzler (~> 7.0)
    - GoogleUtilities/MethodSwizzler (~> 7.0)
    - GoogleUtilities/Network (~> 7.0)
    - "GoogleUtilities/NSData+zlib (~> 7.0)"
    - nanopb (~> 2.30907.0)
  - GoogleDataTransport (8.2.0):
    - nanopb (~> 2.30907.0)
  - GoogleMaps (3.10.0):
    - GoogleMaps/Maps (= 3.10.0)
  - GoogleMaps/Base (3.10.0)
  - GoogleMaps/Maps (3.10.0):
    - GoogleMaps/Base
  - GooglePlaces (3.10.0):
    - GoogleMaps/Base (= 3.10.0)
  - GoogleUtilities/AppDelegateSwizzler (7.2.2):
    - GoogleUtilities/Environment
    - GoogleUtilities/Logger
    - GoogleUtilities/Network
  - GoogleUtilities/Environment (7.2.2):
    - PromisesObjC (~> 1.2)
  - GoogleUtilities/Logger (7.2.2):
    - GoogleUtilities/Environment
  - GoogleUtilities/MethodSwizzler (7.2.2):
    - GoogleUtilities/Logger
  - GoogleUtilities/Network (7.2.2):
    - GoogleUtilities/Logger
    - "GoogleUtilities/NSData+zlib"
    - GoogleUtilities/Reachability
  - "GoogleUtilities/NSData+zlib (7.2.2)"
  - GoogleUtilities/Reachability (7.2.2):
    - GoogleUtilities/Logger
  - GoogleUtilities/UserDefaults (7.2.2):
    - GoogleUtilities/Logger
  - GTMSessionFetcher/Core (1.5.0)
  - IQKeyboardManagerSwift (6.5.6)
  - Kingfisher (5.15.6):
    - Kingfisher/Core (= 5.15.6)
  - Kingfisher/Core (5.15.6)
  - MBProgressHUD (1.2.0)
  - nanopb (2.30907.0):
    - nanopb/decode (= 2.30907.0)
    - nanopb/encode (= 2.30907.0)
  - nanopb/decode (2.30907.0)
  - nanopb/encode (2.30907.0)
  - PromisesObjC (1.2.12)
  - SKCountryPicker (1.2.9)
  - SlideMenuControllerSwift (3.0.2)
  - SVPinView (1.0.11)
  - SwiftyJSON (5.0.0)
  - XLPagerTabStrip (8.1.1)

DEPENDENCIES:
  - Alamofire
  - Firebase/Auth
  - Firebase/Core
  - FSCalendar
  - GoogleMaps
  - GooglePlaces
  - IQKeyboardManagerSwift
  - Kingfisher (~> 5.0)
  - MBProgressHUD
  - SKCountryPicker
  - SlideMenuControllerSwift (from `https://github.com/dekatotoro/SlideMenuControllerSwift.git`, branch `swift4`)
  - SVPinView (~> 1.0)
  - SwiftyJSON
  - XLPagerTabStrip (~> 8.0)

SPEC REPOS:
  trunk:
    - Alamofire
    - Firebase
    - FirebaseAnalytics
    - FirebaseAuth
    - FirebaseCore
    - FirebaseCoreDiagnostics
    - FirebaseInstallations
    - FSCalendar
    - GoogleAppMeasurement
    - GoogleDataTransport
    - GoogleMaps
    - GooglePlaces
    - GoogleUtilities
    - GTMSessionFetcher
    - IQKeyboardManagerSwift
    - Kingfisher
    - MBProgressHUD
    - nanopb
    - PromisesObjC
    - SKCountryPicker
    - SVPinView
    - SwiftyJSON
    - XLPagerTabStrip

EXTERNAL SOURCES:
  SlideMenuControllerSwift:
    :branch: swift4
    :git: https://github.com/dekatotoro/SlideMenuControllerSwift.git

CHECKOUT OPTIONS:
  SlideMenuControllerSwift:
    :commit: 88ed3c28b17fdbb194dfa8b2c8e37c742c0b78a7
    :git: https://github.com/dekatotoro/SlideMenuControllerSwift.git

SPEC CHECKSUMS:
  Alamofire: 814429acc853c6c54ff123fc3d2ef66803823ce0
  Firebase: cd2ab85eec8170dc260186159f21072ecb679ad5
  FirebaseAnalytics: f3f8f75de34fe04141a69bb1c4bd7e24a80178e1
  FirebaseAuth: 76aa97ecd51e20ecd21321d08474d25f5d2b7b9f
  FirebaseCore: ac35d680a0bf32319a59966a1478e0741536b97b
  FirebaseCoreDiagnostics: 179bf3831213451c8addd036aca7fcf5492ec154
  FirebaseInstallations: 42c86e7b02ff75b7f27f85833bf5dcb5f38a9774
  FSCalendar: 5245140456fcbcac5824c203b98bd8068bdfee1a
  GoogleAppMeasurement: 0c3b134b2c0a90c4c24833873894bfe0e42a0384
  GoogleDataTransport: 1024b1a4dfbd7a0e92cb20d7e0a6f1fb66b449a4
  GoogleMaps: 8c080862ff2748ece9929471b30feb56a6c5079d
  GooglePlaces: 9a6f5f3a0c88da2aa1bf7426a65d3e004f5e69a1
  GoogleUtilities: 31c5b01f978a70c6cff2afc6272b3f1921614b43
  GTMSessionFetcher: b3503b20a988c4e20cc189aa798fd18220133f52
  IQKeyboardManagerSwift: c7df9d2deb356c04522f5c4b7b6e4ce4d8ed94fe
  Kingfisher: b3554e7bf6106115b44e8795300bad580ef2fdc7
  MBProgressHUD: 3ee5efcc380f6a79a7cc9b363dd669c5e1ae7406
  nanopb: 59221d7f958fb711001e6a449489542d92ae113e
  PromisesObjC: 3113f7f76903778cf4a0586bd1ab89329a0b7b97
  SKCountryPicker: 7ad1e7dfb482cfb26855e33c2d70dbf1eaf218fe
  SlideMenuControllerSwift: 9e8d2bba8ea9201c6207acb76e95a2841453ec9c
  SVPinView: 9b538d0ba68cdb092afe4f0f67ec84cbed079466
  SwiftyJSON: 36413e04c44ee145039d332b4f4e2d3e8d6c4db7
  XLPagerTabStrip: 63166e21c9844fa30f2d95d30f335e73be5caf22

PODFILE CHECKSUM: da4f563da55a074b5c2394e598300a0bcd5b33ca

COCOAPODS: 1.10.1
