// !$*UTF8*$!
{
	archiveVersion = 1;
	classes = {
	};
	objectVersion = 51;
	objects = {

/* Begin PBXBuildFile section */
		01438EFB2589EAE400C70011 /* ScheduleClassDetailsTableViewCell.swift in Sources */ = {isa = PBXBuildFile; fileRef = 01438EF92589EAE400C70011 /* ScheduleClassDetailsTableViewCell.swift */; };
		01438EFC2589EAE400C70011 /* ScheduleClassDetailsTableViewCell.xib in Resources */ = {isa = PBXBuildFile; fileRef = 01438EFA2589EAE400C70011 /* ScheduleClassDetailsTableViewCell.xib */; };
		01438EFE258A250800C70011 /* MyClassesDetailsViewController.swift in Sources */ = {isa = PBXBuildFile; fileRef = 01438EFD258A250800C70011 /* MyClassesDetailsViewController.swift */; };
		0146F438258F18AF008537B8 /* MyGuruDetailsTableViewCell.swift in Sources */ = {isa = PBXBuildFile; fileRef = 0146F437258F18AF008537B8 /* MyGuruDetailsTableViewCell.swift */; };
		0151441A258E780600E83F64 /* MyGuruCard.swift in Sources */ = {isa = PBXBuildFile; fileRef = 01514418258E780600E83F64 /* MyGuruCard.swift */; };
		0151441B258E780600E83F64 /* MyGuruCard.xib in Resources */ = {isa = PBXBuildFile; fileRef = 01514419258E780600E83F64 /* MyGuruCard.xib */; };
		0151441D258E7CC000E83F64 /* MyGuruDetailsViewController.swift in Sources */ = {isa = PBXBuildFile; fileRef = 0151441C258E7CC000E83F64 /* MyGuruDetailsViewController.swift */; };
		0153073E2578C44900F98F1A /* HomeViewController.swift in Sources */ = {isa = PBXBuildFile; fileRef = 0153073D2578C44900F98F1A /* HomeViewController.swift */; };
		015307402578C86C00F98F1A /* MyClassesViewController.swift in Sources */ = {isa = PBXBuildFile; fileRef = 0153073F2578C86C00F98F1A /* MyClassesViewController.swift */; };
		015307422578C87A00F98F1A /* MyGurusViewController.swift in Sources */ = {isa = PBXBuildFile; fileRef = 015307412578C87A00F98F1A /* MyGurusViewController.swift */; };
		015307442578C88700F98F1A /* NotificationsViewController.swift in Sources */ = {isa = PBXBuildFile; fileRef = 015307432578C88700F98F1A /* NotificationsViewController.swift */; };
		015307462578C89200F98F1A /* ProfileViewController.swift in Sources */ = {isa = PBXBuildFile; fileRef = 015307452578C89200F98F1A /* ProfileViewController.swift */; };
		0153074A2578E59F00F98F1A /* MyClassInfoTableViewCell.swift in Sources */ = {isa = PBXBuildFile; fileRef = 015307492578E59F00F98F1A /* MyClassInfoTableViewCell.swift */; };
		0153074E257923D600F98F1A /* ScheduledClassCardTableViewCell.swift in Sources */ = {isa = PBXBuildFile; fileRef = 0153074C257923D600F98F1A /* ScheduledClassCardTableViewCell.swift */; };
		0153074F257923D600F98F1A /* ScheduledClassCardTableViewCell.xib in Resources */ = {isa = PBXBuildFile; fileRef = 0153074D257923D600F98F1A /* ScheduledClassCardTableViewCell.xib */; };
		01638E8C258A5FEF00F95F64 /* SearchLocationViewController.swift in Sources */ = {isa = PBXBuildFile; fileRef = 01638E8B258A5FEF00F95F64 /* SearchLocationViewController.swift */; };
		01638E8E258A618400F95F64 /* MapViewController.swift in Sources */ = {isa = PBXBuildFile; fileRef = 01638E8D258A618400F95F64 /* MapViewController.swift */; };
		01638E90258A650E00F95F64 /* DatePickerView.swift in Sources */ = {isa = PBXBuildFile; fileRef = 01638E8F258A650E00F95F64 /* DatePickerView.swift */; };
		01638E92258A652100F95F64 /* DatePickerView.xib in Resources */ = {isa = PBXBuildFile; fileRef = 01638E91258A652100F95F64 /* DatePickerView.xib */; };
		01638E94258A653900F95F64 /* ProgramPickerView.xib in Resources */ = {isa = PBXBuildFile; fileRef = 01638E93258A653900F95F64 /* ProgramPickerView.xib */; };
		01638E96258A654E00F95F64 /* ProgramPickerView.swift in Sources */ = {isa = PBXBuildFile; fileRef = 01638E95258A654E00F95F64 /* ProgramPickerView.swift */; };
		01638E98258A671E00F95F64 /* ParentDetails.swift in Sources */ = {isa = PBXBuildFile; fileRef = 01638E97258A671D00F95F64 /* ParentDetails.swift */; };
		016EEB6E2540398F00FE7351 /* BaseViewController.swift in Sources */ = {isa = PBXBuildFile; fileRef = 016EEB6D2540398F00FE7351 /* BaseViewController.swift */; };
		016EEB70254039BF00FE7351 /* SignInViewController.swift in Sources */ = {isa = PBXBuildFile; fileRef = 016EEB6F254039BF00FE7351 /* SignInViewController.swift */; };
		016EEB72254039D100FE7351 /* RegisterParentViewController.swift in Sources */ = {isa = PBXBuildFile; fileRef = 016EEB71254039D100FE7351 /* RegisterParentViewController.swift */; };
		016EEB7425403B0E00FE7351 /* Constants.swift in Sources */ = {isa = PBXBuildFile; fileRef = 016EEB7325403B0E00FE7351 /* Constants.swift */; };
		016EEB7625403B3C00FE7351 /* URLManager.swift in Sources */ = {isa = PBXBuildFile; fileRef = 016EEB7525403B3C00FE7351 /* URLManager.swift */; };
		016EEB7E2540446F00FE7351 /* SignUpViewController.swift in Sources */ = {isa = PBXBuildFile; fileRef = 016EEB7D2540446F00FE7351 /* SignUpViewController.swift */; };
		016EEB802540460C00FE7351 /* OTPVerificationViewController.swift in Sources */ = {isa = PBXBuildFile; fileRef = 016EEB7F2540460C00FE7351 /* OTPVerificationViewController.swift */; };
		0178EB6B2596199400466322 /* PaymentHistoryTableViewCell.swift in Sources */ = {isa = PBXBuildFile; fileRef = 0178EB6A2596199300466322 /* PaymentHistoryTableViewCell.swift */; };
		0178EB6D25961C4800466322 /* RechargeWalletViewController.swift in Sources */ = {isa = PBXBuildFile; fileRef = 0178EB6C25961C4800466322 /* RechargeWalletViewController.swift */; };
		0178EB7025962DBF00466322 /* ScheduleViewController.swift in Sources */ = {isa = PBXBuildFile; fileRef = 0178EB6F25962DBF00466322 /* ScheduleViewController.swift */; };
		0178EB7325965A1D00466322 /* ScheduleTableViewCell.swift in Sources */ = {isa = PBXBuildFile; fileRef = 0178EB7225965A1D00466322 /* ScheduleTableViewCell.swift */; };
		01963481258D0B7900DBA50E /* RegisterStudentTableViewCell.xib in Resources */ = {isa = PBXBuildFile; fileRef = 0196347F258D0B7900DBA50E /* RegisterStudentTableViewCell.xib */; };
		019C128B25700F6B0010122C /* AlamofireService.swift in Sources */ = {isa = PBXBuildFile; fileRef = 019C128A25700F6B0010122C /* AlamofireService.swift */; };
		01ADA29E2598F25B00B44061 /* ScheduleSubjectViewController.swift in Sources */ = {isa = PBXBuildFile; fileRef = 01ADA29D2598F25B00B44061 /* ScheduleSubjectViewController.swift */; };
		01ADA2A02598F47900B44061 /* ScheduleAcademicListViewController.swift in Sources */ = {isa = PBXBuildFile; fileRef = 01ADA29F2598F47900B44061 /* ScheduleAcademicListViewController.swift */; };
		01ADA2A22598F48D00B44061 /* ScheduleNonAcademicListViewController.swift in Sources */ = {isa = PBXBuildFile; fileRef = 01ADA2A12598F48D00B44061 /* ScheduleNonAcademicListViewController.swift */; };
		01ADA2A52598FEB300B44061 /* ScheduleSubjectTableViewCell.swift in Sources */ = {isa = PBXBuildFile; fileRef = 01ADA2A32598FEB300B44061 /* ScheduleSubjectTableViewCell.swift */; };
		01ADA2A62598FEB300B44061 /* ScheduleSubjectTableViewCell.xib in Resources */ = {isa = PBXBuildFile; fileRef = 01ADA2A42598FEB300B44061 /* ScheduleSubjectTableViewCell.xib */; };
		01C481D02594C91200FBFD93 /* ProfileCardTableViewCell.swift in Sources */ = {isa = PBXBuildFile; fileRef = 01C481CE2594C91200FBFD93 /* ProfileCardTableViewCell.swift */; };
		01C481D12594C91200FBFD93 /* ProfileCardTableViewCell.xib in Resources */ = {isa = PBXBuildFile; fileRef = 01C481CF2594C91200FBFD93 /* ProfileCardTableViewCell.xib */; };
		01C481D42594CD2700FBFD93 /* ProfileCollectionViewCell.swift in Sources */ = {isa = PBXBuildFile; fileRef = 01C481D22594CD2700FBFD93 /* ProfileCollectionViewCell.swift */; };
		01C481D52594CD2700FBFD93 /* ProfileCollectionViewCell.xib in Resources */ = {isa = PBXBuildFile; fileRef = 01C481D32594CD2700FBFD93 /* ProfileCollectionViewCell.xib */; };
		01C481D82594D2B900FBFD93 /* ProfileInfoTableViewCell.swift in Sources */ = {isa = PBXBuildFile; fileRef = 01C481D72594D2B900FBFD93 /* ProfileInfoTableViewCell.swift */; };
		01C481DB2594D41400FBFD93 /* ContactUsViewController.swift in Sources */ = {isa = PBXBuildFile; fileRef = 01C481DA2594D41400FBFD93 /* ContactUsViewController.swift */; };
		01C481DD2594D42700FBFD93 /* WalletViewController.swift in Sources */ = {isa = PBXBuildFile; fileRef = 01C481DC2594D42700FBFD93 /* WalletViewController.swift */; };
		01C481DF2594D43300FBFD93 /* AccountViewController.swift in Sources */ = {isa = PBXBuildFile; fileRef = 01C481DE2594D43300FBFD93 /* AccountViewController.swift */; };
		01C481E12594E6E500FBFD93 /* ContactUsTableViewCell.swift in Sources */ = {isa = PBXBuildFile; fileRef = 01C481E02594E6E400FBFD93 /* ContactUsTableViewCell.swift */; };
		01C481E42594ED8A00FBFD93 /* NotificationsTableViewCell.swift in Sources */ = {isa = PBXBuildFile; fileRef = 01C481E32594ED8A00FBFD93 /* NotificationsTableViewCell.swift */; };
		01C481E82594EDDE00FBFD93 /* NotificationDetailTableViewCell.swift in Sources */ = {isa = PBXBuildFile; fileRef = 01C481E62594EDDE00FBFD93 /* NotificationDetailTableViewCell.swift */; };
		01C481E92594EDDE00FBFD93 /* NotificationDetailTableViewCell.xib in Resources */ = {isa = PBXBuildFile; fileRef = 01C481E72594EDDE00FBFD93 /* NotificationDetailTableViewCell.xib */; };
		01C481EC2594EE1C00FBFD93 /* NotificationCardTableViewCell.swift in Sources */ = {isa = PBXBuildFile; fileRef = 01C481EA2594EE1C00FBFD93 /* NotificationCardTableViewCell.swift */; };
		01C481ED2594EE1C00FBFD93 /* NotificationCardTableViewCell.xib in Resources */ = {isa = PBXBuildFile; fileRef = 01C481EB2594EE1C00FBFD93 /* NotificationCardTableViewCell.xib */; };
		01C481EF25950B4700FBFD93 /* NotificationDetailsViewController.swift in Sources */ = {isa = PBXBuildFile; fileRef = 01C481EE25950B4700FBFD93 /* NotificationDetailsViewController.swift */; };
		01C481F1259518BE00FBFD93 /* PaymentHistoryViewController.swift in Sources */ = {isa = PBXBuildFile; fileRef = 01C481F0259518BE00FBFD93 /* PaymentHistoryViewController.swift */; };
		01E130CE253DA82500F63673 /* AppDelegate.swift in Sources */ = {isa = PBXBuildFile; fileRef = 01E130CD253DA82500F63673 /* AppDelegate.swift */; };
		01E130D5253DA82500F63673 /* Main.storyboard in Resources */ = {isa = PBXBuildFile; fileRef = 01E130D3253DA82500F63673 /* Main.storyboard */; };
		01E130D7253DA82F00F63673 /* Assets.xcassets in Resources */ = {isa = PBXBuildFile; fileRef = 01E130D6253DA82F00F63673 /* Assets.xcassets */; };
		01E130DA253DA82F00F63673 /* LaunchScreen.storyboard in Resources */ = {isa = PBXBuildFile; fileRef = 01E130D8253DA82F00F63673 /* LaunchScreen.storyboard */; };
		01E130E8253DA8D100F63673 /* ColorPalette.swift in Sources */ = {isa = PBXBuildFile; fileRef = 01E130E7253DA8D100F63673 /* ColorPalette.swift */; };
		01E130EA253DA92100F63673 /* Extension.swift in Sources */ = {isa = PBXBuildFile; fileRef = 01E130E9253DA92100F63673 /* Extension.swift */; };
		01E130EC253DA92C00F63673 /* Helper.swift in Sources */ = {isa = PBXBuildFile; fileRef = 01E130EB253DA92C00F63673 /* Helper.swift */; };
		01F826BB258A373F00AA03FA /* RegisterStudentViewController.swift in Sources */ = {isa = PBXBuildFile; fileRef = 01F826BA258A373F00AA03FA /* RegisterStudentViewController.swift */; };
		01F826BE258A37F300AA03FA /* RegisterParentTableViewCell.swift in Sources */ = {isa = PBXBuildFile; fileRef = 01F826BD258A37F300AA03FA /* RegisterParentTableViewCell.swift */; };
		01F826C0258A387E00AA03FA /* RegisterStudentTableViewCell.swift in Sources */ = {isa = PBXBuildFile; fileRef = 01F826BF258A387E00AA03FA /* RegisterStudentTableViewCell.swift */; };
		85A536B55915651C7C6C1603 /* Pods_Home_Guru.framework in Frameworks */ = {isa = PBXBuildFile; fileRef = 6D8A0D551E7B6F1213709C33 /* Pods_Home_Guru.framework */; };
/* End PBXBuildFile section */

/* Begin PBXFileReference section */
		01438EF92589EAE400C70011 /* ScheduleClassDetailsTableViewCell.swift */ = {isa = PBXFileReference; lastKnownFileType = sourcecode.swift; name = ScheduleClassDetailsTableViewCell.swift; path = "Home Guru/Model/Custom Cells/My Classes/ScheduleClassDetailsTableViewCell.swift"; sourceTree = SOURCE_ROOT; };
		01438EFA2589EAE400C70011 /* ScheduleClassDetailsTableViewCell.xib */ = {isa = PBXFileReference; lastKnownFileType = file.xib; name = ScheduleClassDetailsTableViewCell.xib; path = "Home Guru/Model/Custom Cells/My Classes/ScheduleClassDetailsTableViewCell.xib"; sourceTree = SOURCE_ROOT; };
		01438EFD258A250800C70011 /* MyClassesDetailsViewController.swift */ = {isa = PBXFileReference; lastKnownFileType = sourcecode.swift; path = MyClassesDetailsViewController.swift; sourceTree = "<group>"; };
		0146F437258F18AF008537B8 /* MyGuruDetailsTableViewCell.swift */ = {isa = PBXFileReference; lastKnownFileType = sourcecode.swift; path = MyGuruDetailsTableViewCell.swift; sourceTree = "<group>"; };
		01514418258E780600E83F64 /* MyGuruCard.swift */ = {isa = PBXFileReference; lastKnownFileType = sourcecode.swift; path = MyGuruCard.swift; sourceTree = "<group>"; };
		01514419258E780600E83F64 /* MyGuruCard.xib */ = {isa = PBXFileReference; lastKnownFileType = file.xib; path = MyGuruCard.xib; sourceTree = "<group>"; };
		0151441C258E7CC000E83F64 /* MyGuruDetailsViewController.swift */ = {isa = PBXFileReference; lastKnownFileType = sourcecode.swift; path = MyGuruDetailsViewController.swift; sourceTree = "<group>"; };
		0153073D2578C44900F98F1A /* HomeViewController.swift */ = {isa = PBXFileReference; lastKnownFileType = sourcecode.swift; path = HomeViewController.swift; sourceTree = "<group>"; };
		0153073F2578C86C00F98F1A /* MyClassesViewController.swift */ = {isa = PBXFileReference; lastKnownFileType = sourcecode.swift; path = MyClassesViewController.swift; sourceTree = "<group>"; };
		015307412578C87A00F98F1A /* MyGurusViewController.swift */ = {isa = PBXFileReference; lastKnownFileType = sourcecode.swift; path = MyGurusViewController.swift; sourceTree = "<group>"; };
		015307432578C88700F98F1A /* NotificationsViewController.swift */ = {isa = PBXFileReference; lastKnownFileType = sourcecode.swift; path = NotificationsViewController.swift; sourceTree = "<group>"; };
		015307452578C89200F98F1A /* ProfileViewController.swift */ = {isa = PBXFileReference; lastKnownFileType = sourcecode.swift; path = ProfileViewController.swift; sourceTree = "<group>"; };
		015307492578E59F00F98F1A /* MyClassInfoTableViewCell.swift */ = {isa = PBXFileReference; lastKnownFileType = sourcecode.swift; path = MyClassInfoTableViewCell.swift; sourceTree = "<group>"; };
		0153074C257923D600F98F1A /* ScheduledClassCardTableViewCell.swift */ = {isa = PBXFileReference; lastKnownFileType = sourcecode.swift; name = ScheduledClassCardTableViewCell.swift; path = "Home Guru/Model/Custom Cells/My Classes/ScheduledClassCardTableViewCell.swift"; sourceTree = SOURCE_ROOT; };
		0153074D257923D600F98F1A /* ScheduledClassCardTableViewCell.xib */ = {isa = PBXFileReference; lastKnownFileType = file.xib; name = ScheduledClassCardTableViewCell.xib; path = "Home Guru/Model/Custom Cells/My Classes/ScheduledClassCardTableViewCell.xib"; sourceTree = SOURCE_ROOT; };
		01638E8B258A5FEF00F95F64 /* SearchLocationViewController.swift */ = {isa = PBXFileReference; lastKnownFileType = sourcecode.swift; path = SearchLocationViewController.swift; sourceTree = "<group>"; };
		01638E8D258A618400F95F64 /* MapViewController.swift */ = {isa = PBXFileReference; lastKnownFileType = sourcecode.swift; path = MapViewController.swift; sourceTree = "<group>"; };
		01638E8F258A650E00F95F64 /* DatePickerView.swift */ = {isa = PBXFileReference; lastKnownFileType = sourcecode.swift; path = DatePickerView.swift; sourceTree = "<group>"; };
		01638E91258A652100F95F64 /* DatePickerView.xib */ = {isa = PBXFileReference; lastKnownFileType = file.xib; path = DatePickerView.xib; sourceTree = "<group>"; };
		01638E93258A653900F95F64 /* ProgramPickerView.xib */ = {isa = PBXFileReference; lastKnownFileType = file.xib; path = ProgramPickerView.xib; sourceTree = "<group>"; };
		01638E95258A654E00F95F64 /* ProgramPickerView.swift */ = {isa = PBXFileReference; lastKnownFileType = sourcecode.swift; path = ProgramPickerView.swift; sourceTree = "<group>"; };
		01638E97258A671D00F95F64 /* ParentDetails.swift */ = {isa = PBXFileReference; lastKnownFileType = sourcecode.swift; path = ParentDetails.swift; sourceTree = "<group>"; };
		016EEB6D2540398F00FE7351 /* BaseViewController.swift */ = {isa = PBXFileReference; lastKnownFileType = sourcecode.swift; path = BaseViewController.swift; sourceTree = "<group>"; };
		016EEB6F254039BF00FE7351 /* SignInViewController.swift */ = {isa = PBXFileReference; lastKnownFileType = sourcecode.swift; path = SignInViewController.swift; sourceTree = "<group>"; };
		016EEB71254039D100FE7351 /* RegisterParentViewController.swift */ = {isa = PBXFileReference; lastKnownFileType = sourcecode.swift; path = RegisterParentViewController.swift; sourceTree = "<group>"; };
		016EEB7325403B0E00FE7351 /* Constants.swift */ = {isa = PBXFileReference; lastKnownFileType = sourcecode.swift; path = Constants.swift; sourceTree = "<group>"; };
		016EEB7525403B3C00FE7351 /* URLManager.swift */ = {isa = PBXFileReference; lastKnownFileType = sourcecode.swift; path = URLManager.swift; sourceTree = "<group>"; };
		016EEB7825403CF600FE7351 /* SourceSansPro-SemiBold.ttf */ = {isa = PBXFileReference; lastKnownFileType = file; path = "SourceSansPro-SemiBold.ttf"; sourceTree = "<group>"; };
		016EEB7925403CF600FE7351 /* SourceSansPro-Bold.ttf */ = {isa = PBXFileReference; lastKnownFileType = file; path = "SourceSansPro-Bold.ttf"; sourceTree = "<group>"; };
		016EEB7A25403CF600FE7351 /* SourceSansPro-Regular.ttf */ = {isa = PBXFileReference; lastKnownFileType = file; path = "SourceSansPro-Regular.ttf"; sourceTree = "<group>"; };
		016EEB7B25403CF600FE7351 /* SourceSansPro-Black.ttf */ = {isa = PBXFileReference; lastKnownFileType = file; path = "SourceSansPro-Black.ttf"; sourceTree = "<group>"; };
		016EEB7C25403CF700FE7351 /* SourceSansPro-Light.ttf */ = {isa = PBXFileReference; lastKnownFileType = file; path = "SourceSansPro-Light.ttf"; sourceTree = "<group>"; };
		016EEB7D2540446F00FE7351 /* SignUpViewController.swift */ = {isa = PBXFileReference; lastKnownFileType = sourcecode.swift; path = SignUpViewController.swift; sourceTree = "<group>"; };
		016EEB7F2540460C00FE7351 /* OTPVerificationViewController.swift */ = {isa = PBXFileReference; lastKnownFileType = sourcecode.swift; path = OTPVerificationViewController.swift; sourceTree = "<group>"; };
		0178EB6A2596199300466322 /* PaymentHistoryTableViewCell.swift */ = {isa = PBXFileReference; lastKnownFileType = sourcecode.swift; path = PaymentHistoryTableViewCell.swift; sourceTree = "<group>"; };
		0178EB6C25961C4800466322 /* RechargeWalletViewController.swift */ = {isa = PBXFileReference; lastKnownFileType = sourcecode.swift; path = RechargeWalletViewController.swift; sourceTree = "<group>"; };
		0178EB6F25962DBF00466322 /* ScheduleViewController.swift */ = {isa = PBXFileReference; lastKnownFileType = sourcecode.swift; path = ScheduleViewController.swift; sourceTree = "<group>"; };
		0178EB7225965A1D00466322 /* ScheduleTableViewCell.swift */ = {isa = PBXFileReference; lastKnownFileType = sourcecode.swift; path = ScheduleTableViewCell.swift; sourceTree = "<group>"; };
		0196347F258D0B7900DBA50E /* RegisterStudentTableViewCell.xib */ = {isa = PBXFileReference; lastKnownFileType = file.xib; path = RegisterStudentTableViewCell.xib; sourceTree = "<group>"; };
		019C128A25700F6B0010122C /* AlamofireService.swift */ = {isa = PBXFileReference; lastKnownFileType = sourcecode.swift; path = AlamofireService.swift; sourceTree = "<group>"; };
		01ADA29D2598F25B00B44061 /* ScheduleSubjectViewController.swift */ = {isa = PBXFileReference; lastKnownFileType = sourcecode.swift; path = ScheduleSubjectViewController.swift; sourceTree = "<group>"; };
		01ADA29F2598F47900B44061 /* ScheduleAcademicListViewController.swift */ = {isa = PBXFileReference; lastKnownFileType = sourcecode.swift; path = ScheduleAcademicListViewController.swift; sourceTree = "<group>"; };
		01ADA2A12598F48D00B44061 /* ScheduleNonAcademicListViewController.swift */ = {isa = PBXFileReference; lastKnownFileType = sourcecode.swift; path = ScheduleNonAcademicListViewController.swift; sourceTree = "<group>"; };
		01ADA2A32598FEB300B44061 /* ScheduleSubjectTableViewCell.swift */ = {isa = PBXFileReference; lastKnownFileType = sourcecode.swift; path = ScheduleSubjectTableViewCell.swift; sourceTree = "<group>"; };
		01ADA2A42598FEB300B44061 /* ScheduleSubjectTableViewCell.xib */ = {isa = PBXFileReference; lastKnownFileType = file.xib; path = ScheduleSubjectTableViewCell.xib; sourceTree = "<group>"; };
		01C481CE2594C91200FBFD93 /* ProfileCardTableViewCell.swift */ = {isa = PBXFileReference; lastKnownFileType = sourcecode.swift; path = ProfileCardTableViewCell.swift; sourceTree = "<group>"; };
		01C481CF2594C91200FBFD93 /* ProfileCardTableViewCell.xib */ = {isa = PBXFileReference; lastKnownFileType = file.xib; path = ProfileCardTableViewCell.xib; sourceTree = "<group>"; };
		01C481D22594CD2700FBFD93 /* ProfileCollectionViewCell.swift */ = {isa = PBXFileReference; lastKnownFileType = sourcecode.swift; path = ProfileCollectionViewCell.swift; sourceTree = "<group>"; };
		01C481D32594CD2700FBFD93 /* ProfileCollectionViewCell.xib */ = {isa = PBXFileReference; lastKnownFileType = file.xib; path = ProfileCollectionViewCell.xib; sourceTree = "<group>"; };
		01C481D72594D2B900FBFD93 /* ProfileInfoTableViewCell.swift */ = {isa = PBXFileReference; lastKnownFileType = sourcecode.swift; path = ProfileInfoTableViewCell.swift; sourceTree = "<group>"; };
		01C481DA2594D41400FBFD93 /* ContactUsViewController.swift */ = {isa = PBXFileReference; lastKnownFileType = sourcecode.swift; path = ContactUsViewController.swift; sourceTree = "<group>"; };
		01C481DC2594D42700FBFD93 /* WalletViewController.swift */ = {isa = PBXFileReference; lastKnownFileType = sourcecode.swift; path = WalletViewController.swift; sourceTree = "<group>"; };
		01C481DE2594D43300FBFD93 /* AccountViewController.swift */ = {isa = PBXFileReference; lastKnownFileType = sourcecode.swift; path = AccountViewController.swift; sourceTree = "<group>"; };
		01C481E02594E6E400FBFD93 /* ContactUsTableViewCell.swift */ = {isa = PBXFileReference; lastKnownFileType = sourcecode.swift; path = ContactUsTableViewCell.swift; sourceTree = "<group>"; };
		01C481E32594ED8A00FBFD93 /* NotificationsTableViewCell.swift */ = {isa = PBXFileReference; lastKnownFileType = sourcecode.swift; path = NotificationsTableViewCell.swift; sourceTree = "<group>"; };
		01C481E62594EDDE00FBFD93 /* NotificationDetailTableViewCell.swift */ = {isa = PBXFileReference; lastKnownFileType = sourcecode.swift; path = NotificationDetailTableViewCell.swift; sourceTree = "<group>"; };
		01C481E72594EDDE00FBFD93 /* NotificationDetailTableViewCell.xib */ = {isa = PBXFileReference; lastKnownFileType = file.xib; path = NotificationDetailTableViewCell.xib; sourceTree = "<group>"; };
		01C481EA2594EE1C00FBFD93 /* NotificationCardTableViewCell.swift */ = {isa = PBXFileReference; lastKnownFileType = sourcecode.swift; path = NotificationCardTableViewCell.swift; sourceTree = "<group>"; };
		01C481EB2594EE1C00FBFD93 /* NotificationCardTableViewCell.xib */ = {isa = PBXFileReference; lastKnownFileType = file.xib; path = NotificationCardTableViewCell.xib; sourceTree = "<group>"; };
		01C481EE25950B4700FBFD93 /* NotificationDetailsViewController.swift */ = {isa = PBXFileReference; lastKnownFileType = sourcecode.swift; path = NotificationDetailsViewController.swift; sourceTree = "<group>"; };
		01C481F0259518BE00FBFD93 /* PaymentHistoryViewController.swift */ = {isa = PBXFileReference; lastKnownFileType = sourcecode.swift; path = PaymentHistoryViewController.swift; sourceTree = "<group>"; };
		01E130CA253DA82500F63673 /* Home Guru Student.app */ = {isa = PBXFileReference; explicitFileType = wrapper.application; includeInIndex = 0; path = "Home Guru Student.app"; sourceTree = BUILT_PRODUCTS_DIR; };
		01E130CD253DA82500F63673 /* AppDelegate.swift */ = {isa = PBXFileReference; lastKnownFileType = sourcecode.swift; path = AppDelegate.swift; sourceTree = "<group>"; };
		01E130D4253DA82500F63673 /* Base */ = {isa = PBXFileReference; lastKnownFileType = file.storyboard; name = Base; path = Base.lproj/Main.storyboard; sourceTree = "<group>"; };
		01E130D6253DA82F00F63673 /* Assets.xcassets */ = {isa = PBXFileReference; lastKnownFileType = folder.assetcatalog; path = Assets.xcassets; sourceTree = "<group>"; };
		01E130D9253DA82F00F63673 /* Base */ = {isa = PBXFileReference; lastKnownFileType = file.storyboard; name = Base; path = Base.lproj/LaunchScreen.storyboard; sourceTree = "<group>"; };
		01E130DB253DA82F00F63673 /* Info.plist */ = {isa = PBXFileReference; lastKnownFileType = text.plist.xml; path = Info.plist; sourceTree = "<group>"; };
		01E130E7253DA8D100F63673 /* ColorPalette.swift */ = {isa = PBXFileReference; lastKnownFileType = sourcecode.swift; path = ColorPalette.swift; sourceTree = "<group>"; };
		01E130E9253DA92100F63673 /* Extension.swift */ = {isa = PBXFileReference; lastKnownFileType = sourcecode.swift; path = Extension.swift; sourceTree = "<group>"; };
		01E130EB253DA92C00F63673 /* Helper.swift */ = {isa = PBXFileReference; lastKnownFileType = sourcecode.swift; path = Helper.swift; sourceTree = "<group>"; };
		01F826BA258A373F00AA03FA /* RegisterStudentViewController.swift */ = {isa = PBXFileReference; lastKnownFileType = sourcecode.swift; path = RegisterStudentViewController.swift; sourceTree = "<group>"; };
		01F826BD258A37F300AA03FA /* RegisterParentTableViewCell.swift */ = {isa = PBXFileReference; lastKnownFileType = sourcecode.swift; path = RegisterParentTableViewCell.swift; sourceTree = "<group>"; };
		01F826BF258A387E00AA03FA /* RegisterStudentTableViewCell.swift */ = {isa = PBXFileReference; lastKnownFileType = sourcecode.swift; path = RegisterStudentTableViewCell.swift; sourceTree = "<group>"; };
		66741D6486074F71FE1F8CE0 /* Pods-Home Guru.release.xcconfig */ = {isa = PBXFileReference; includeInIndex = 1; lastKnownFileType = text.xcconfig; name = "Pods-Home Guru.release.xcconfig"; path = "Target Support Files/Pods-Home Guru/Pods-Home Guru.release.xcconfig"; sourceTree = "<group>"; };
		6D8A0D551E7B6F1213709C33 /* Pods_Home_Guru.framework */ = {isa = PBXFileReference; explicitFileType = wrapper.framework; includeInIndex = 0; path = Pods_Home_Guru.framework; sourceTree = BUILT_PRODUCTS_DIR; };
		E3E8731874D979584D038267 /* Pods-Home Guru.debug.xcconfig */ = {isa = PBXFileReference; includeInIndex = 1; lastKnownFileType = text.xcconfig; name = "Pods-Home Guru.debug.xcconfig"; path = "Target Support Files/Pods-Home Guru/Pods-Home Guru.debug.xcconfig"; sourceTree = "<group>"; };
/* End PBXFileReference section */

/* Begin PBXFrameworksBuildPhase section */
		01E130C7253DA82500F63673 /* Frameworks */ = {
			isa = PBXFrameworksBuildPhase;
			buildActionMask = 2147483647;
			files = (
				85A536B55915651C7C6C1603 /* Pods_Home_Guru.framework in Frameworks */,
			);
			runOnlyForDeploymentPostprocessing = 0;
		};
/* End PBXFrameworksBuildPhase section */

/* Begin PBXGroup section */
		0146F436258F1892008537B8 /* My Gurus */ = {
			isa = PBXGroup;
			children = (
				0146F437258F18AF008537B8 /* MyGuruDetailsTableViewCell.swift */,
			);
			path = "My Gurus";
			sourceTree = "<group>";
		};
		01514417258E77DF00E83F64 /* My Gurus */ = {
			isa = PBXGroup;
			children = (
				01514418258E780600E83F64 /* MyGuruCard.swift */,
				01514419258E780600E83F64 /* MyGuruCard.xib */,
			);
			path = "My Gurus";
			sourceTree = "<group>";
		};
		015307392578C35400F98F1A /* My Classes */ = {
			isa = PBXGroup;
			children = (
				0153073F2578C86C00F98F1A /* MyClassesViewController.swift */,
				01438EFD258A250800C70011 /* MyClassesDetailsViewController.swift */,
				0178EB6E25962DA500466322 /* Schedule */,
			);
			path = "My Classes";
			sourceTree = "<group>";
		};
		0153073A2578C3BE00F98F1A /* My Gurus */ = {
			isa = PBXGroup;
			children = (
				015307412578C87A00F98F1A /* MyGurusViewController.swift */,
				0151441C258E7CC000E83F64 /* MyGuruDetailsViewController.swift */,
			);
			path = "My Gurus";
			sourceTree = "<group>";
		};
		0153073B2578C3CA00F98F1A /* Profile */ = {
			isa = PBXGroup;
			children = (
				015307452578C89200F98F1A /* ProfileViewController.swift */,
				01C481DA2594D41400FBFD93 /* ContactUsViewController.swift */,
				01C481DE2594D43300FBFD93 /* AccountViewController.swift */,
				01C481D92594D3FD00FBFD93 /* Wallet */,
			);
			path = Profile;
			sourceTree = "<group>";
		};
		0153073C2578C3D400F98F1A /* Notifications */ = {
			isa = PBXGroup;
			children = (
				015307432578C88700F98F1A /* NotificationsViewController.swift */,
				01C481EE25950B4700FBFD93 /* NotificationDetailsViewController.swift */,
			);
			path = Notifications;
			sourceTree = "<group>";
		};
		015307472578E53600F98F1A /* Custom Cells */ = {
			isa = PBXGroup;
			children = (
				01C481E22594ED7100FBFD93 /* Notifications */,
				01C481D62594D2A000FBFD93 /* Profile */,
				0146F436258F1892008537B8 /* My Gurus */,
				01F826BC258A37E200AA03FA /* Register */,
				015307482578E54800F98F1A /* My Classes */,
			);
			path = "Custom Cells";
			sourceTree = "<group>";
		};
		015307482578E54800F98F1A /* My Classes */ = {
			isa = PBXGroup;
			children = (
				015307492578E59F00F98F1A /* MyClassInfoTableViewCell.swift */,
				0178EB7125965A0500466322 /* Schedule */,
			);
			path = "My Classes";
			sourceTree = "<group>";
		};
		0153074B2579237700F98F1A /* My Classes */ = {
			isa = PBXGroup;
			children = (
				0153074C257923D600F98F1A /* ScheduledClassCardTableViewCell.swift */,
				0153074D257923D600F98F1A /* ScheduledClassCardTableViewCell.xib */,
				01438EF92589EAE400C70011 /* ScheduleClassDetailsTableViewCell.swift */,
				01438EFA2589EAE400C70011 /* ScheduleClassDetailsTableViewCell.xib */,
				01ADA2A32598FEB300B44061 /* ScheduleSubjectTableViewCell.swift */,
				01ADA2A42598FEB300B44061 /* ScheduleSubjectTableViewCell.xib */,
			);
			name = "My Classes";
			path = "Home Guru/View/XIB's/My Classes";
			sourceTree = "<group>";
		};
		016EEB6A2540391600FE7351 /* Login */ = {
			isa = PBXGroup;
			children = (
				016EEB6F254039BF00FE7351 /* SignInViewController.swift */,
				016EEB7D2540446F00FE7351 /* SignUpViewController.swift */,
				016EEB7F2540460C00FE7351 /* OTPVerificationViewController.swift */,
			);
			path = Login;
			sourceTree = "<group>";
		};
		016EEB6C2540397000FE7351 /* Register */ = {
			isa = PBXGroup;
			children = (
				016EEB71254039D100FE7351 /* RegisterParentViewController.swift */,
				01F826BA258A373F00AA03FA /* RegisterStudentViewController.swift */,
				01638E8B258A5FEF00F95F64 /* SearchLocationViewController.swift */,
				01638E8D258A618400F95F64 /* MapViewController.swift */,
			);
			path = Register;
			sourceTree = "<group>";
		};
		016EEB7725403C9600FE7351 /* Font */ = {
			isa = PBXGroup;
			children = (
				016EEB7B25403CF600FE7351 /* SourceSansPro-Black.ttf */,
				016EEB7925403CF600FE7351 /* SourceSansPro-Bold.ttf */,
				016EEB7C25403CF700FE7351 /* SourceSansPro-Light.ttf */,
				016EEB7A25403CF600FE7351 /* SourceSansPro-Regular.ttf */,
				016EEB7825403CF600FE7351 /* SourceSansPro-SemiBold.ttf */,
			);
			path = Font;
			sourceTree = "<group>";
		};
		0178EB6E25962DA500466322 /* Schedule */ = {
			isa = PBXGroup;
			children = (
				0178EB6F25962DBF00466322 /* ScheduleViewController.swift */,
				01ADA29D2598F25B00B44061 /* ScheduleSubjectViewController.swift */,
				01ADA29F2598F47900B44061 /* ScheduleAcademicListViewController.swift */,
				01ADA2A12598F48D00B44061 /* ScheduleNonAcademicListViewController.swift */,
			);
			path = Schedule;
			sourceTree = "<group>";
		};
		0178EB7125965A0500466322 /* Schedule */ = {
			isa = PBXGroup;
			children = (
				0178EB7225965A1D00466322 /* ScheduleTableViewCell.swift */,
			);
			path = Schedule;
			sourceTree = "<group>";
		};
		0196347D258D0AF700DBA50E /* Register */ = {
			isa = PBXGroup;
			children = (
				0196347F258D0B7900DBA50E /* RegisterStudentTableViewCell.xib */,
			);
			path = Register;
			sourceTree = "<group>";
		};
		019C128925700F540010122C /* Model */ = {
			isa = PBXGroup;
			children = (
				019C128A25700F6B0010122C /* AlamofireService.swift */,
				01638E97258A671D00F95F64 /* ParentDetails.swift */,
				015307472578E53600F98F1A /* Custom Cells */,
			);
			path = Model;
			sourceTree = "<group>";
		};
		01C481CD2594C84800FBFD93 /* Profile */ = {
			isa = PBXGroup;
			children = (
				01C481CE2594C91200FBFD93 /* ProfileCardTableViewCell.swift */,
				01C481CF2594C91200FBFD93 /* ProfileCardTableViewCell.xib */,
				01C481D22594CD2700FBFD93 /* ProfileCollectionViewCell.swift */,
				01C481D32594CD2700FBFD93 /* ProfileCollectionViewCell.xib */,
			);
			path = Profile;
			sourceTree = "<group>";
		};
		01C481D62594D2A000FBFD93 /* Profile */ = {
			isa = PBXGroup;
			children = (
				01C481D72594D2B900FBFD93 /* ProfileInfoTableViewCell.swift */,
				01C481E02594E6E400FBFD93 /* ContactUsTableViewCell.swift */,
				0178EB6A2596199300466322 /* PaymentHistoryTableViewCell.swift */,
			);
			path = Profile;
			sourceTree = "<group>";
		};
		01C481D92594D3FD00FBFD93 /* Wallet */ = {
			isa = PBXGroup;
			children = (
				01C481DC2594D42700FBFD93 /* WalletViewController.swift */,
				01C481F0259518BE00FBFD93 /* PaymentHistoryViewController.swift */,
				0178EB6C25961C4800466322 /* RechargeWalletViewController.swift */,
			);
			path = Wallet;
			sourceTree = "<group>";
		};
		01C481E22594ED7100FBFD93 /* Notifications */ = {
			isa = PBXGroup;
			children = (
				01C481E32594ED8A00FBFD93 /* NotificationsTableViewCell.swift */,
			);
			path = Notifications;
			sourceTree = "<group>";
		};
		01C481E52594EDB000FBFD93 /* Notification */ = {
			isa = PBXGroup;
			children = (
				01C481E62594EDDE00FBFD93 /* NotificationDetailTableViewCell.swift */,
				01C481E72594EDDE00FBFD93 /* NotificationDetailTableViewCell.xib */,
				01C481EA2594EE1C00FBFD93 /* NotificationCardTableViewCell.swift */,
				01C481EB2594EE1C00FBFD93 /* NotificationCardTableViewCell.xib */,
			);
			path = Notification;
			sourceTree = "<group>";
		};
		01E130C1253DA82400F63673 = {
			isa = PBXGroup;
			children = (
				01E130CC253DA82500F63673 /* Home Guru */,
				01E130CB253DA82500F63673 /* Products */,
				21C33B705491AC1711B7DD0C /* Pods */,
				B7F684D442605D03A9ED34EC /* Frameworks */,
			);
			sourceTree = "<group>";
		};
		01E130CB253DA82500F63673 /* Products */ = {
			isa = PBXGroup;
			children = (
				01E130CA253DA82500F63673 /* Home Guru Student.app */,
			);
			name = Products;
			sourceTree = "<group>";
		};
		01E130CC253DA82500F63673 /* Home Guru */ = {
			isa = PBXGroup;
			children = (
				016EEB7725403C9600FE7351 /* Font */,
				01E130E2253DA84100F63673 /* View */,
				01E130E3253DA85800F63673 /* Controller */,
				019C128925700F540010122C /* Model */,
				01E130E6253DA8AE00F63673 /* Utilities */,
				01E130D6253DA82F00F63673 /* Assets.xcassets */,
				01E130D8253DA82F00F63673 /* LaunchScreen.storyboard */,
				01E130DB253DA82F00F63673 /* Info.plist */,
			);
			path = "Home Guru";
			sourceTree = "<group>";
		};
		01E130E2253DA84100F63673 /* View */ = {
			isa = PBXGroup;
			children = (
				01E130E5253DA87200F63673 /* Storyboard */,
				01E130E4253DA86800F63673 /* XIB's */,
			);
			path = View;
			sourceTree = "<group>";
		};
		01E130E3253DA85800F63673 /* Controller */ = {
			isa = PBXGroup;
			children = (
				01E130CD253DA82500F63673 /* AppDelegate.swift */,
				016EEB6D2540398F00FE7351 /* BaseViewController.swift */,
				0153073D2578C44900F98F1A /* HomeViewController.swift */,
				016EEB6C2540397000FE7351 /* Register */,
				016EEB6A2540391600FE7351 /* Login */,
				015307392578C35400F98F1A /* My Classes */,
				0153073A2578C3BE00F98F1A /* My Gurus */,
				0153073C2578C3D400F98F1A /* Notifications */,
				0153073B2578C3CA00F98F1A /* Profile */,
			);
			path = Controller;
			sourceTree = "<group>";
		};
		01E130E4253DA86800F63673 /* XIB's */ = {
			isa = PBXGroup;
			children = (
				01638E91258A652100F95F64 /* DatePickerView.xib */,
				01638E8F258A650E00F95F64 /* DatePickerView.swift */,
				01638E93258A653900F95F64 /* ProgramPickerView.xib */,
				01638E95258A654E00F95F64 /* ProgramPickerView.swift */,
				01C481CD2594C84800FBFD93 /* Profile */,
				01C481E52594EDB000FBFD93 /* Notification */,
				0196347D258D0AF700DBA50E /* Register */,
				01514417258E77DF00E83F64 /* My Gurus */,
				0153074B2579237700F98F1A /* My Classes */,
			);
			path = "XIB's";
			sourceTree = "<group>";
		};
		01E130E5253DA87200F63673 /* Storyboard */ = {
			isa = PBXGroup;
			children = (
				01E130D3253DA82500F63673 /* Main.storyboard */,
			);
			path = Storyboard;
			sourceTree = "<group>";
		};
		01E130E6253DA8AE00F63673 /* Utilities */ = {
			isa = PBXGroup;
			children = (
				01E130E7253DA8D100F63673 /* ColorPalette.swift */,
				01E130E9253DA92100F63673 /* Extension.swift */,
				01E130EB253DA92C00F63673 /* Helper.swift */,
				016EEB7325403B0E00FE7351 /* Constants.swift */,
				016EEB7525403B3C00FE7351 /* URLManager.swift */,
			);
			path = Utilities;
			sourceTree = "<group>";
		};
		01F826BC258A37E200AA03FA /* Register */ = {
			isa = PBXGroup;
			children = (
				01F826BD258A37F300AA03FA /* RegisterParentTableViewCell.swift */,
				01F826BF258A387E00AA03FA /* RegisterStudentTableViewCell.swift */,
			);
			path = Register;
			sourceTree = "<group>";
		};
		21C33B705491AC1711B7DD0C /* Pods */ = {
			isa = PBXGroup;
			children = (
				E3E8731874D979584D038267 /* Pods-Home Guru.debug.xcconfig */,
				66741D6486074F71FE1F8CE0 /* Pods-Home Guru.release.xcconfig */,
			);
			path = Pods;
			sourceTree = "<group>";
		};
		B7F684D442605D03A9ED34EC /* Frameworks */ = {
			isa = PBXGroup;
			children = (
				6D8A0D551E7B6F1213709C33 /* Pods_Home_Guru.framework */,
			);
			name = Frameworks;
			sourceTree = "<group>";
		};
/* End PBXGroup section */

/* Begin PBXNativeTarget section */
		01E130C9253DA82500F63673 /* Home Guru */ = {
			isa = PBXNativeTarget;
			buildConfigurationList = 01E130DE253DA82F00F63673 /* Build configuration list for PBXNativeTarget "Home Guru" */;
			buildPhases = (
				BB336DEAD1BFA3C92D7E6AEC /* [CP] Check Pods Manifest.lock */,
				01E130C6253DA82500F63673 /* Sources */,
				01E130C7253DA82500F63673 /* Frameworks */,
				01E130C8253DA82500F63673 /* Resources */,
				40F836D4DB8D346EE29EE3D8 /* [CP] Embed Pods Frameworks */,
				F8866C54E76DA70BE1DBD433 /* [CP] Copy Pods Resources */,
			);
			buildRules = (
			);
			dependencies = (
			);
			name = "Home Guru";
			productName = "Home Guru";
			productReference = 01E130CA253DA82500F63673 /* Home Guru Student.app */;
			productType = "com.apple.product-type.application";
		};
/* End PBXNativeTarget section */

/* Begin PBXProject section */
		01E130C2253DA82400F63673 /* Project object */ = {
			isa = PBXProject;
			attributes = {
				LastSwiftUpdateCheck = 1150;
				LastUpgradeCheck = 1150;
				ORGANIZATIONNAME = "Priya Vernekar";
				TargetAttributes = {
					01E130C9253DA82500F63673 = {
						CreatedOnToolsVersion = 11.5;
					};
				};
			};
			buildConfigurationList = 01E130C5253DA82400F63673 /* Build configuration list for PBXProject "Home Guru" */;
			compatibilityVersion = "Xcode 9.3";
			developmentRegion = en;
			hasScannedForEncodings = 0;
			knownRegions = (
				en,
				Base,
			);
			mainGroup = 01E130C1253DA82400F63673;
			productRefGroup = 01E130CB253DA82500F63673 /* Products */;
			projectDirPath = "";
			projectRoot = "";
			targets = (
				01E130C9253DA82500F63673 /* Home Guru */,
			);
		};
/* End PBXProject section */

/* Begin PBXResourcesBuildPhase section */
		01E130C8253DA82500F63673 /* Resources */ = {
			isa = PBXResourcesBuildPhase;
			buildActionMask = 2147483647;
			files = (
				01963481258D0B7900DBA50E /* RegisterStudentTableViewCell.xib in Resources */,
				01C481D52594CD2700FBFD93 /* ProfileCollectionViewCell.xib in Resources */,
				01638E92258A652100F95F64 /* DatePickerView.xib in Resources */,
				01638E94258A653900F95F64 /* ProgramPickerView.xib in Resources */,
				01ADA2A62598FEB300B44061 /* ScheduleSubjectTableViewCell.xib in Resources */,
				01C481D12594C91200FBFD93 /* ProfileCardTableViewCell.xib in Resources */,
				01C481E92594EDDE00FBFD93 /* NotificationDetailTableViewCell.xib in Resources */,
				0153074F257923D600F98F1A /* ScheduledClassCardTableViewCell.xib in Resources */,
				01E130DA253DA82F00F63673 /* LaunchScreen.storyboard in Resources */,
				0151441B258E780600E83F64 /* MyGuruCard.xib in Resources */,
				01C481ED2594EE1C00FBFD93 /* NotificationCardTableViewCell.xib in Resources */,
				01438EFC2589EAE400C70011 /* ScheduleClassDetailsTableViewCell.xib in Resources */,
				01E130D7253DA82F00F63673 /* Assets.xcassets in Resources */,
				01E130D5253DA82500F63673 /* Main.storyboard in Resources */,
			);
			runOnlyForDeploymentPostprocessing = 0;
		};
/* End PBXResourcesBuildPhase section */

/* Begin PBXShellScriptBuildPhase section */
		40F836D4DB8D346EE29EE3D8 /* [CP] Embed Pods Frameworks */ = {
			isa = PBXShellScriptBuildPhase;
			buildActionMask = 2147483647;
			files = (
			);
			inputFileListPaths = (
				"${PODS_ROOT}/Target Support Files/Pods-Home Guru/Pods-Home Guru-frameworks-${CONFIGURATION}-input-files.xcfilelist",
			);
			name = "[CP] Embed Pods Frameworks";
			outputFileListPaths = (
				"${PODS_ROOT}/Target Support Files/Pods-Home Guru/Pods-Home Guru-frameworks-${CONFIGURATION}-output-files.xcfilelist",
			);
			runOnlyForDeploymentPostprocessing = 0;
			shellPath = /bin/sh;
			shellScript = "\"${PODS_ROOT}/Target Support Files/Pods-Home Guru/Pods-Home Guru-frameworks.sh\"\n";
			showEnvVarsInLog = 0;
		};
		BB336DEAD1BFA3C92D7E6AEC /* [CP] Check Pods Manifest.lock */ = {
			isa = PBXShellScriptBuildPhase;
			buildActionMask = 2147483647;
			files = (
			);
			inputFileListPaths = (
			);
			inputPaths = (
				"${PODS_PODFILE_DIR_PATH}/Podfile.lock",
				"${PODS_ROOT}/Manifest.lock",
			);
			name = "[CP] Check Pods Manifest.lock";
			outputFileListPaths = (
			);
			outputPaths = (
				"$(DERIVED_FILE_DIR)/Pods-Home Guru-checkManifestLockResult.txt",
			);
			runOnlyForDeploymentPostprocessing = 0;
			shellPath = /bin/sh;
			shellScript = "diff \"${PODS_PODFILE_DIR_PATH}/Podfile.lock\" \"${PODS_ROOT}/Manifest.lock\" > /dev/null\nif [ $? != 0 ] ; then\n    # print error to STDERR\n    echo \"error: The sandbox is not in sync with the Podfile.lock. Run 'pod install' or update your CocoaPods installation.\" >&2\n    exit 1\nfi\n# This output is used by Xcode 'outputs' to avoid re-running this script phase.\necho \"SUCCESS\" > \"${SCRIPT_OUTPUT_FILE_0}\"\n";
			showEnvVarsInLog = 0;
		};
		F8866C54E76DA70BE1DBD433 /* [CP] Copy Pods Resources */ = {
			isa = PBXShellScriptBuildPhase;
			buildActionMask = 2147483647;
			files = (
			);
			inputFileListPaths = (
				"${PODS_ROOT}/Target Support Files/Pods-Home Guru/Pods-Home Guru-resources-${CONFIGURATION}-input-files.xcfilelist",
			);
			name = "[CP] Copy Pods Resources";
			outputFileListPaths = (
				"${PODS_ROOT}/Target Support Files/Pods-Home Guru/Pods-Home Guru-resources-${CONFIGURATION}-output-files.xcfilelist",
			);
			runOnlyForDeploymentPostprocessing = 0;
			shellPath = /bin/sh;
			shellScript = "\"${PODS_ROOT}/Target Support Files/Pods-Home Guru/Pods-Home Guru-resources.sh\"\n";
			showEnvVarsInLog = 0;
		};
/* End PBXShellScriptBuildPhase section */

/* Begin PBXSourcesBuildPhase section */
		01E130C6253DA82500F63673 /* Sources */ = {
			isa = PBXSourcesBuildPhase;
			buildActionMask = 2147483647;
			files = (
				01C481E82594EDDE00FBFD93 /* NotificationDetailTableViewCell.swift in Sources */,
				016EEB70254039BF00FE7351 /* SignInViewController.swift in Sources */,
				016EEB6E2540398F00FE7351 /* BaseViewController.swift in Sources */,
				01C481D42594CD2700FBFD93 /* ProfileCollectionViewCell.swift in Sources */,
				0178EB6D25961C4800466322 /* RechargeWalletViewController.swift in Sources */,
				015307422578C87A00F98F1A /* MyGurusViewController.swift in Sources */,
				01638E96258A654E00F95F64 /* ProgramPickerView.swift in Sources */,
				01C481EF25950B4700FBFD93 /* NotificationDetailsViewController.swift in Sources */,
				01ADA2A22598F48D00B44061 /* ScheduleNonAcademicListViewController.swift in Sources */,
				01ADA2A02598F47900B44061 /* ScheduleAcademicListViewController.swift in Sources */,
				0178EB7025962DBF00466322 /* ScheduleViewController.swift in Sources */,
				016EEB7625403B3C00FE7351 /* URLManager.swift in Sources */,
				01C481DD2594D42700FBFD93 /* WalletViewController.swift in Sources */,
				016EEB72254039D100FE7351 /* RegisterParentViewController.swift in Sources */,
				01ADA2A52598FEB300B44061 /* ScheduleSubjectTableViewCell.swift in Sources */,
				016EEB7E2540446F00FE7351 /* SignUpViewController.swift in Sources */,
				0153074A2578E59F00F98F1A /* MyClassInfoTableViewCell.swift in Sources */,
				01F826BB258A373F00AA03FA /* RegisterStudentViewController.swift in Sources */,
				016EEB802540460C00FE7351 /* OTPVerificationViewController.swift in Sources */,
				01C481DF2594D43300FBFD93 /* AccountViewController.swift in Sources */,
				015307462578C89200F98F1A /* ProfileViewController.swift in Sources */,
				01C481F1259518BE00FBFD93 /* PaymentHistoryViewController.swift in Sources */,
				01E130CE253DA82500F63673 /* AppDelegate.swift in Sources */,
				01E130EC253DA92C00F63673 /* Helper.swift in Sources */,
				01C481D82594D2B900FBFD93 /* ProfileInfoTableViewCell.swift in Sources */,
				01638E8C258A5FEF00F95F64 /* SearchLocationViewController.swift in Sources */,
				01E130E8253DA8D100F63673 /* ColorPalette.swift in Sources */,
				01C481E12594E6E500FBFD93 /* ContactUsTableViewCell.swift in Sources */,
				01E130EA253DA92100F63673 /* Extension.swift in Sources */,
				0178EB6B2596199400466322 /* PaymentHistoryTableViewCell.swift in Sources */,
				0153074E257923D600F98F1A /* ScheduledClassCardTableViewCell.swift in Sources */,
				01C481D02594C91200FBFD93 /* ProfileCardTableViewCell.swift in Sources */,
				01438EFB2589EAE400C70011 /* ScheduleClassDetailsTableViewCell.swift in Sources */,
				01F826BE258A37F300AA03FA /* RegisterParentTableViewCell.swift in Sources */,
				01438EFE258A250800C70011 /* MyClassesDetailsViewController.swift in Sources */,
				0151441D258E7CC000E83F64 /* MyGuruDetailsViewController.swift in Sources */,
				01C481EC2594EE1C00FBFD93 /* NotificationCardTableViewCell.swift in Sources */,
				01638E8E258A618400F95F64 /* MapViewController.swift in Sources */,
				019C128B25700F6B0010122C /* AlamofireService.swift in Sources */,
				01638E90258A650E00F95F64 /* DatePickerView.swift in Sources */,
				015307402578C86C00F98F1A /* MyClassesViewController.swift in Sources */,
				01ADA29E2598F25B00B44061 /* ScheduleSubjectViewController.swift in Sources */,
				0178EB7325965A1D00466322 /* ScheduleTableViewCell.swift in Sources */,
				01638E98258A671E00F95F64 /* ParentDetails.swift in Sources */,
				01C481E42594ED8A00FBFD93 /* NotificationsTableViewCell.swift in Sources */,
				0146F438258F18AF008537B8 /* MyGuruDetailsTableViewCell.swift in Sources */,
				01F826C0258A387E00AA03FA /* RegisterStudentTableViewCell.swift in Sources */,
				0151441A258E780600E83F64 /* MyGuruCard.swift in Sources */,
				0153073E2578C44900F98F1A /* HomeViewController.swift in Sources */,
				016EEB7425403B0E00FE7351 /* Constants.swift in Sources */,
				015307442578C88700F98F1A /* NotificationsViewController.swift in Sources */,
				01C481DB2594D41400FBFD93 /* ContactUsViewController.swift in Sources */,
			);
			runOnlyForDeploymentPostprocessing = 0;
		};
/* End PBXSourcesBuildPhase section */

/* Begin PBXVariantGroup section */
		01E130D3253DA82500F63673 /* Main.storyboard */ = {
			isa = PBXVariantGroup;
			children = (
				01E130D4253DA82500F63673 /* Base */,
			);
			name = Main.storyboard;
			sourceTree = "<group>";
		};
		01E130D8253DA82F00F63673 /* LaunchScreen.storyboard */ = {
			isa = PBXVariantGroup;
			children = (
				01E130D9253DA82F00F63673 /* Base */,
			);
			name = LaunchScreen.storyboard;
			sourceTree = "<group>";
		};
/* End PBXVariantGroup section */

/* Begin XCBuildConfiguration section */
		01E130DC253DA82F00F63673 /* Debug */ = {
			isa = XCBuildConfiguration;
			buildSettings = {
				ALWAYS_SEARCH_USER_PATHS = NO;
				CLANG_ANALYZER_NONNULL = YES;
				CLANG_ANALYZER_NUMBER_OBJECT_CONVERSION = YES_AGGRESSIVE;
				CLANG_CXX_LANGUAGE_STANDARD = "gnu++14";
				CLANG_CXX_LIBRARY = "libc++";
				CLANG_ENABLE_MODULES = YES;
				CLANG_ENABLE_OBJC_ARC = YES;
				CLANG_ENABLE_OBJC_WEAK = YES;
				CLANG_WARN_BLOCK_CAPTURE_AUTORELEASING = YES;
				CLANG_WARN_BOOL_CONVERSION = YES;
				CLANG_WARN_COMMA = YES;
				CLANG_WARN_CONSTANT_CONVERSION = YES;
				CLANG_WARN_DEPRECATED_OBJC_IMPLEMENTATIONS = YES;
				CLANG_WARN_DIRECT_OBJC_ISA_USAGE = YES_ERROR;
				CLANG_WARN_DOCUMENTATION_COMMENTS = YES;
				CLANG_WARN_EMPTY_BODY = YES;
				CLANG_WARN_ENUM_CONVERSION = YES;
				CLANG_WARN_INFINITE_RECURSION = YES;
				CLANG_WARN_INT_CONVERSION = YES;
				CLANG_WARN_NON_LITERAL_NULL_CONVERSION = YES;
				CLANG_WARN_OBJC_IMPLICIT_RETAIN_SELF = YES;
				CLANG_WARN_OBJC_LITERAL_CONVERSION = YES;
				CLANG_WARN_OBJC_ROOT_CLASS = YES_ERROR;
				CLANG_WARN_RANGE_LOOP_ANALYSIS = YES;
				CLANG_WARN_STRICT_PROTOTYPES = YES;
				CLANG_WARN_SUSPICIOUS_MOVE = YES;
				CLANG_WARN_UNGUARDED_AVAILABILITY = YES_AGGRESSIVE;
				CLANG_WARN_UNREACHABLE_CODE = YES;
				CLANG_WARN__DUPLICATE_METHOD_MATCH = YES;
				COPY_PHASE_STRIP = NO;
				DEBUG_INFORMATION_FORMAT = dwarf;
				ENABLE_STRICT_OBJC_MSGSEND = YES;
				ENABLE_TESTABILITY = YES;
				GCC_C_LANGUAGE_STANDARD = gnu11;
				GCC_DYNAMIC_NO_PIC = NO;
				GCC_NO_COMMON_BLOCKS = YES;
				GCC_OPTIMIZATION_LEVEL = 0;
				GCC_PREPROCESSOR_DEFINITIONS = (
					"DEBUG=1",
					"$(inherited)",
				);
				GCC_WARN_64_TO_32_BIT_CONVERSION = YES;
				GCC_WARN_ABOUT_RETURN_TYPE = YES_ERROR;
				GCC_WARN_UNDECLARED_SELECTOR = YES;
				GCC_WARN_UNINITIALIZED_AUTOS = YES_AGGRESSIVE;
				GCC_WARN_UNUSED_FUNCTION = YES;
				GCC_WARN_UNUSED_VARIABLE = YES;
				IPHONEOS_DEPLOYMENT_TARGET = 13.5;
				MTL_ENABLE_DEBUG_INFO = INCLUDE_SOURCE;
				MTL_FAST_MATH = YES;
				ONLY_ACTIVE_ARCH = YES;
				SDKROOT = iphoneos;
				SWIFT_ACTIVE_COMPILATION_CONDITIONS = DEBUG;
				SWIFT_OPTIMIZATION_LEVEL = "-Onone";
			};
			name = Debug;
		};
		01E130DD253DA82F00F63673 /* Release */ = {
			isa = XCBuildConfiguration;
			buildSettings = {
				ALWAYS_SEARCH_USER_PATHS = NO;
				CLANG_ANALYZER_NONNULL = YES;
				CLANG_ANALYZER_NUMBER_OBJECT_CONVERSION = YES_AGGRESSIVE;
				CLANG_CXX_LANGUAGE_STANDARD = "gnu++14";
				CLANG_CXX_LIBRARY = "libc++";
				CLANG_ENABLE_MODULES = YES;
				CLANG_ENABLE_OBJC_ARC = YES;
				CLANG_ENABLE_OBJC_WEAK = YES;
				CLANG_WARN_BLOCK_CAPTURE_AUTORELEASING = YES;
				CLANG_WARN_BOOL_CONVERSION = YES;
				CLANG_WARN_COMMA = YES;
				CLANG_WARN_CONSTANT_CONVERSION = YES;
				CLANG_WARN_DEPRECATED_OBJC_IMPLEMENTATIONS = YES;
				CLANG_WARN_DIRECT_OBJC_ISA_USAGE = YES_ERROR;
				CLANG_WARN_DOCUMENTATION_COMMENTS = YES;
				CLANG_WARN_EMPTY_BODY = YES;
				CLANG_WARN_ENUM_CONVERSION = YES;
				CLANG_WARN_INFINITE_RECURSION = YES;
				CLANG_WARN_INT_CONVERSION = YES;
				CLANG_WARN_NON_LITERAL_NULL_CONVERSION = YES;
				CLANG_WARN_OBJC_IMPLICIT_RETAIN_SELF = YES;
				CLANG_WARN_OBJC_LITERAL_CONVERSION = YES;
				CLANG_WARN_OBJC_ROOT_CLASS = YES_ERROR;
				CLANG_WARN_RANGE_LOOP_ANALYSIS = YES;
				CLANG_WARN_STRICT_PROTOTYPES = YES;
				CLANG_WARN_SUSPICIOUS_MOVE = YES;
				CLANG_WARN_UNGUARDED_AVAILABILITY = YES_AGGRESSIVE;
				CLANG_WARN_UNREACHABLE_CODE = YES;
				CLANG_WARN__DUPLICATE_METHOD_MATCH = YES;
				COPY_PHASE_STRIP = NO;
				DEBUG_INFORMATION_FORMAT = "dwarf-with-dsym";
				ENABLE_NS_ASSERTIONS = NO;
				ENABLE_STRICT_OBJC_MSGSEND = YES;
				GCC_C_LANGUAGE_STANDARD = gnu11;
				GCC_NO_COMMON_BLOCKS = YES;
				GCC_WARN_64_TO_32_BIT_CONVERSION = YES;
				GCC_WARN_ABOUT_RETURN_TYPE = YES_ERROR;
				GCC_WARN_UNDECLARED_SELECTOR = YES;
				GCC_WARN_UNINITIALIZED_AUTOS = YES_AGGRESSIVE;
				GCC_WARN_UNUSED_FUNCTION = YES;
				GCC_WARN_UNUSED_VARIABLE = YES;
				IPHONEOS_DEPLOYMENT_TARGET = 13.5;
				MTL_ENABLE_DEBUG_INFO = NO;
				MTL_FAST_MATH = YES;
				SDKROOT = iphoneos;
				SWIFT_COMPILATION_MODE = wholemodule;
				SWIFT_OPTIMIZATION_LEVEL = "-O";
				VALIDATE_PRODUCT = YES;
			};
			name = Release;
		};
		01E130DF253DA82F00F63673 /* Debug */ = {
			isa = XCBuildConfiguration;
			baseConfigurationReference = E3E8731874D979584D038267 /* Pods-Home Guru.debug.xcconfig */;
			buildSettings = {
				ASSETCATALOG_COMPILER_APPICON_NAME = AppIcon;
				CODE_SIGN_STYLE = Automatic;
				DEVELOPMENT_TEAM = MVH8UZ3WJS;
				INFOPLIST_FILE = "Home Guru/Info.plist";
				IPHONEOS_DEPLOYMENT_TARGET = 10.0;
				LD_RUNPATH_SEARCH_PATHS = (
					"$(inherited)",
					"@executable_path/Frameworks",
				);
				PRODUCT_BUNDLE_IDENTIFIER = "com.bitjini.Home-Guru";
				PRODUCT_NAME = "Home Guru Student";
				SWIFT_VERSION = 5.0;
				TARGETED_DEVICE_FAMILY = 1;
			};
			name = Debug;
		};
		01E130E0253DA82F00F63673 /* Release */ = {
			isa = XCBuildConfiguration;
			baseConfigurationReference = 66741D6486074F71FE1F8CE0 /* Pods-Home Guru.release.xcconfig */;
			buildSettings = {
				ASSETCATALOG_COMPILER_APPICON_NAME = AppIcon;
				CODE_SIGN_STYLE = Automatic;
				DEVELOPMENT_TEAM = MVH8UZ3WJS;
				INFOPLIST_FILE = "Home Guru/Info.plist";
				IPHONEOS_DEPLOYMENT_TARGET = 10.0;
				LD_RUNPATH_SEARCH_PATHS = (
					"$(inherited)",
					"@executable_path/Frameworks",
				);
				PRODUCT_BUNDLE_IDENTIFIER = "com.priya.Home-Guru";
				PRODUCT_NAME = "Home Guru Student";
				SWIFT_VERSION = 5.0;
				TARGETED_DEVICE_FAMILY = 1;
			};
			name = Release;
		};
/* End XCBuildConfiguration section */

/* Begin XCConfigurationList section */
		01E130C5253DA82400F63673 /* Build configuration list for PBXProject "Home Guru" */ = {
			isa = XCConfigurationList;
			buildConfigurations = (
				01E130DC253DA82F00F63673 /* Debug */,
				01E130DD253DA82F00F63673 /* Release */,
			);
			defaultConfigurationIsVisible = 0;
			defaultConfigurationName = Release;
		};
		01E130DE253DA82F00F63673 /* Build configuration list for PBXNativeTarget "Home Guru" */ = {
			isa = XCConfigurationList;
			buildConfigurations = (
				01E130DF253DA82F00F63673 /* Debug */,
				01E130E0253DA82F00F63673 /* Release */,
			);
			defaultConfigurationIsVisible = 0;
			defaultConfigurationName = Release;
		};
/* End XCConfigurationList section */
	};
	rootObject = 01E130C2253DA82400F63673 /* Project object */;
}
